
Microsoft Visual Studio Solution File, Format Version 12.00
# Visual Studio Express 2013 for Windows Desktop
VisualStudioVersion = 12.0.21005.1
MinimumVisualStudioVersion = 10.0.40219.1
Project("{FAE04EC0-301F-11D3-BF4B-00C04F79EFBC}") = "Zartex", "Zartex\Zartex.csproj", "{614EF28C-7366-49F1-8996-F0FCA85E33E9}"
	ProjectSection(ProjectDependencies) = postProject
		{09C8AA4A-AFB8-4BDB-866B-B8C88D48D9EB} = {09C8AA4A-AFB8-4BDB-866B-B8C88D48D9EB}
	EndProjectSection
EndProject
Project("{FAE04EC0-301F-11D3-BF4B-00C04F79EFBC}") = "DSCript", "DSCript\DSCript.csproj", "{09C8AA4A-AFB8-4BDB-866B-B8C88D48D9EB}"
EndProject
Project("{FAE04EC0-301F-11D3-BF4B-00C04F79EFBC}") = "Antilli", "Antilli\Antilli.csproj", "{9CB54F9B-BC3F-41DB-BFB5-70A5632F8857}"
EndProject
Project("{FAE04EC0-301F-11D3-BF4B-00C04F79EFBC}") = "AntilliWPF", "AntilliWPF\AntilliWPF.csproj", "{BEB558CA-5BAE-4718-9C09-921683F78AA3}"
EndProject
Global
	GlobalSection(SolutionConfigurationPlatforms) = preSolution
		Debug|Any CPU = Debug|Any CPU
		Debug|Mixed Platforms = Debug|Mixed Platforms
		Debug|x86 = Debug|x86
		Release|Any CPU = Release|Any CPU
		Release|Mixed Platforms = Release|Mixed Platforms
		Release|x86 = Release|x86
	EndGlobalSection
	GlobalSection(ProjectConfigurationPlatforms) = postSolution
		{614EF28C-7366-49F1-8996-F0FCA85E33E9}.Debug|Any CPU.ActiveCfg = Debug|x86
		{614EF28C-7366-49F1-8996-F0FCA85E33E9}.Debug|Mixed Platforms.ActiveCfg = Debug|x86
		{614EF28C-7366-49F1-8996-F0FCA85E33E9}.Debug|Mixed Platforms.Build.0 = Debug|x86
		{614EF28C-7366-49F1-8996-F0FCA85E33E9}.Debug|x86.ActiveCfg = Debug|x86
		{614EF28C-7366-49F1-8996-F0FCA85E33E9}.Release|Any CPU.ActiveCfg = Release|x86
		{614EF28C-7366-49F1-8996-F0FCA85E33E9}.Release|Mixed Platforms.ActiveCfg = Release|x86
		{614EF28C-7366-49F1-8996-F0FCA85E33E9}.Release|Mixed Platforms.Build.0 = Release|x86
		{614EF28C-7366-49F1-8996-F0FCA85E33E9}.Release|x86.ActiveCfg = Release|x86
		{09C8AA4A-AFB8-4BDB-866B-B8C88D48D9EB}.Debug|Any CPU.ActiveCfg = Debug|Any CPU
		{09C8AA4A-AFB8-4BDB-866B-B8C88D48D9EB}.Debug|Any CPU.Build.0 = Debug|Any CPU
		{09C8AA4A-AFB8-4BDB-866B-B8C88D48D9EB}.Debug|Mixed Platforms.ActiveCfg = Debug|Any CPU
		{09C8AA4A-AFB8-4BDB-866B-B8C88D48D9EB}.Debug|Mixed Platforms.Build.0 = Debug|Any CPU
		{09C8AA4A-AFB8-4BDB-866B-B8C88D48D9EB}.Debug|x86.ActiveCfg = Debug|Any CPU
		{09C8AA4A-AFB8-4BDB-866B-B8C88D48D9EB}.Debug|x86.Build.0 = Debug|Any CPU
		{09C8AA4A-AFB8-4BDB-866B-B8C88D48D9EB}.Release|Any CPU.ActiveCfg = Release|Any CPU
		{09C8AA4A-AFB8-4BDB-866B-B8C88D48D9EB}.Release|Any CPU.Build.0 = Release|Any CPU
		{09C8AA4A-AFB8-4BDB-866B-B8C88D48D9EB}.Release|Mixed Platforms.ActiveCfg = Release|Any CPU
		{09C8AA4A-AFB8-4BDB-866B-B8C88D48D9EB}.Release|Mixed Platforms.Build.0 = Release|Any CPU
		{09C8AA4A-AFB8-4BDB-866B-B8C88D48D9EB}.Release|x86.ActiveCfg = Release|Any CPU
		{09C8AA4A-AFB8-4BDB-866B-B8C88D48D9EB}.Release|x86.Build.0 = Release|Any CPU
		{9CB54F9B-BC3F-41DB-BFB5-70A5632F8857}.Debug|Any CPU.ActiveCfg = Debug|Any CPU
		{9CB54F9B-BC3F-41DB-BFB5-70A5632F8857}.Debug|Any CPU.Build.0 = Debug|Any CPU
		{9CB54F9B-BC3F-41DB-BFB5-70A5632F8857}.Debug|Mixed Platforms.ActiveCfg = Debug|Any CPU
		{9CB54F9B-BC3F-41DB-BFB5-70A5632F8857}.Debug|Mixed Platforms.Build.0 = Debug|Any CPU
		{9CB54F9B-BC3F-41DB-BFB5-70A5632F8857}.Debug|x86.ActiveCfg = Debug|Any CPU
		{9CB54F9B-BC3F-41DB-BFB5-70A5632F8857}.Debug|x86.Build.0 = Debug|Any CPU
		{9CB54F9B-BC3F-41DB-BFB5-70A5632F8857}.Release|Any CPU.ActiveCfg = Release|Any CPU
		{9CB54F9B-BC3F-41DB-BFB5-70A5632F8857}.Release|Any CPU.Build.0 = Release|Any CPU
		{9CB54F9B-BC3F-41DB-BFB5-70A5632F8857}.Release|Mixed Platforms.ActiveCfg = Release|Any CPU
		{9CB54F9B-BC3F-41DB-BFB5-70A5632F8857}.Release|Mixed Platforms.Build.0 = Release|Any CPU
		{9CB54F9B-BC3F-41DB-BFB5-70A5632F8857}.Release|x86.ActiveCfg = Release|Any CPU
		{9CB54F9B-BC3F-41DB-BFB5-70A5632F8857}.Release|x86.Build.0 = Release|Any CPU
		{9CB54F9B-BC3F-41DB-BFB5-70A5632F8857}.Release|x86.Deploy.0 = Release|Any CPU
		{BEB558CA-5BAE-4718-9C09-921683F78AA3}.Debug|Any CPU.ActiveCfg = Debug|Any CPU
		{BEB558CA-5BAE-4718-9C09-921683F78AA3}.Debug|Any CPU.Build.0 = Debug|Any CPU
		{BEB558CA-5BAE-4718-9C09-921683F78AA3}.Debug|Mixed Platforms.ActiveCfg = Debug|Any CPU
		{BEB558CA-5BAE-4718-9C09-921683F78AA3}.Debug|Mixed Platforms.Build.0 = Debug|Any CPU
		{BEB558CA-5BAE-4718-9C09-921683F78AA3}.Debug|x86.ActiveCfg = Debug|Any CPU
		{BEB558CA-5BAE-4718-9C09-921683F78AA3}.Debug|x86.Build.0 = Debug|Any CPU
		{BEB558CA-5BAE-4718-9C09-921683F78AA3}.Release|Any CPU.ActiveCfg = Release|Any CPU
		{BEB558CA-5BAE-4718-9C09-921683F78AA3}.Release|Any CPU.Build.0 = Release|Any CPU
		{BEB558CA-5BAE-4718-9C09-921683F78AA3}.Release|Mixed Platforms.ActiveCfg = Release|Any CPU
		{BEB558CA-5BAE-4718-9C09-921683F78AA3}.Release|Mixed Platforms.Build.0 = Release|Any CPU
		{BEB558CA-5BAE-4718-9C09-921683F78AA3}.Release|x86.ActiveCfg = Release|Any CPU
		{BEB558CA-5BAE-4718-9C09-921683F78AA3}.Release|x86.Build.0 = Release|Any CPU
	EndGlobalSection
	GlobalSection(SolutionProperties) = preSolution
		HideSolutionNode = FALSE
	EndGlobalSection
EndGlobal
