
Microsoft Visual Studio Solution File, Format Version 12.00
# Visual Studio Version 16
VisualStudioVersion = 16.0.31729.503
MinimumVisualStudioVersion = 10.0.40219.1
Project("{FAE04EC0-301F-11D3-BF4B-00C04F79EFBC}") = "Zartex", "Zartex\Zartex.csproj", "{614EF28C-7366-49F1-8996-F0FCA85E33E9}"
	ProjectSection(ProjectDependencies) = postProject
		{09C8AA4A-AFB8-4BDB-866B-B8C88D48D9EB} = {09C8AA4A-AFB8-4BDB-866B-B8C88D48D9EB}
	EndProjectSection
EndProject
Project("{FAE04EC0-301F-11D3-BF4B-00C04F79EFBC}") = "DSCript", "DSCript\DSCript.csproj", "{09C8AA4A-AFB8-4BDB-866B-B8C88D48D9EB}"
EndProject
Project("{FAE04EC0-301F-11D3-BF4B-00C04F79EFBC}") = "IMGRipper", "IMGRipper\IMGRipper.csproj", "{EDFCC8E0-01F5-4D58-BAEF-A95DA15E7B86}"
EndProject
Project("{FAE04EC0-301F-11D3-BF4B-00C04F79EFBC}") = "Antilli", "Antilli\Antilli.csproj", "{BEB558CA-5BAE-4718-9C09-921683F78AA3}"
EndProject
Project("{FAE04EC0-301F-11D3-BF4B-00C04F79EFBC}") = "Audiose", "Audiose\Audiose.csproj", "{5E52B58E-EF54-4DB6-8A4B-F7B5779AEA9F}"
EndProject
Project("{FAE04EC0-301F-11D3-BF4B-00C04F79EFBC}") = "GMC2Snooper", "GMC2Snooper\GMC2Snooper.csproj", "{9956D1AB-1EC1-47D3-86BA-8FB1FE19AF13}"
EndProject
Global
	GlobalSection(SolutionConfigurationPlatforms) = preSolution
		Debug|Any CPU = Debug|Any CPU
		Debug|x64 = Debug|x64
		Debug|x86 = Debug|x86
		Release|Any CPU = Release|Any CPU
		Release|x64 = Release|x64
		Release|x86 = Release|x86
	EndGlobalSection
	GlobalSection(ProjectConfigurationPlatforms) = postSolution
		{614EF28C-7366-49F1-8996-F0FCA85E33E9}.Debug|Any CPU.ActiveCfg = Debug|x86
		{614EF28C-7366-49F1-8996-F0FCA85E33E9}.Debug|Any CPU.Build.0 = Debug|x86
		{614EF28C-7366-49F1-8996-F0FCA85E33E9}.Debug|x64.ActiveCfg = Debug|x64
		{614EF28C-7366-49F1-8996-F0FCA85E33E9}.Debug|x64.Build.0 = Debug|x64
		{614EF28C-7366-49F1-8996-F0FCA85E33E9}.Debug|x86.ActiveCfg = Debug|x86
		{614EF28C-7366-49F1-8996-F0FCA85E33E9}.Debug|x86.Build.0 = Debug|x86
		{614EF28C-7366-49F1-8996-F0FCA85E33E9}.Release|Any CPU.ActiveCfg = Release|x86
		{614EF28C-7366-49F1-8996-F0FCA85E33E9}.Release|Any CPU.Build.0 = Release|x86
		{614EF28C-7366-49F1-8996-F0FCA85E33E9}.Release|x64.ActiveCfg = Release|x64
		{614EF28C-7366-49F1-8996-F0FCA85E33E9}.Release|x64.Build.0 = Release|x64
		{614EF28C-7366-49F1-8996-F0FCA85E33E9}.Release|x86.ActiveCfg = Release|x86
		{614EF28C-7366-49F1-8996-F0FCA85E33E9}.Release|x86.Build.0 = Release|x86
		{09C8AA4A-AFB8-4BDB-866B-B8C88D48D9EB}.Debug|Any CPU.ActiveCfg = Debug|Any CPU
		{09C8AA4A-AFB8-4BDB-866B-B8C88D48D9EB}.Debug|Any CPU.Build.0 = Debug|Any CPU
		{09C8AA4A-AFB8-4BDB-866B-B8C88D48D9EB}.Debug|x64.ActiveCfg = Debug|x64
		{09C8AA4A-AFB8-4BDB-866B-B8C88D48D9EB}.Debug|x64.Build.0 = Debug|x64
		{09C8AA4A-AFB8-4BDB-866B-B8C88D48D9EB}.Debug|x86.ActiveCfg = Debug|x86
		{09C8AA4A-AFB8-4BDB-866B-B8C88D48D9EB}.Debug|x86.Build.0 = Debug|x86
		{09C8AA4A-AFB8-4BDB-866B-B8C88D48D9EB}.Release|Any CPU.ActiveCfg = Release|Any CPU
		{09C8AA4A-AFB8-4BDB-866B-B8C88D48D9EB}.Release|Any CPU.Build.0 = Release|Any CPU
		{09C8AA4A-AFB8-4BDB-866B-B8C88D48D9EB}.Release|x64.ActiveCfg = Release|x64
		{09C8AA4A-AFB8-4BDB-866B-B8C88D48D9EB}.Release|x64.Build.0 = Release|x64
		{09C8AA4A-AFB8-4BDB-866B-B8C88D48D9EB}.Release|x86.ActiveCfg = Release|x86
		{09C8AA4A-AFB8-4BDB-866B-B8C88D48D9EB}.Release|x86.Build.0 = Release|x86
		{EDFCC8E0-01F5-4D58-BAEF-A95DA15E7B86}.Debug|Any CPU.ActiveCfg = Debug|x86
		{EDFCC8E0-01F5-4D58-BAEF-A95DA15E7B86}.Debug|Any CPU.Build.0 = Debug|x86
		{EDFCC8E0-01F5-4D58-BAEF-A95DA15E7B86}.Debug|x64.ActiveCfg = Debug|x64
		{EDFCC8E0-01F5-4D58-BAEF-A95DA15E7B86}.Debug|x64.Build.0 = Debug|x64
		{EDFCC8E0-01F5-4D58-BAEF-A95DA15E7B86}.Debug|x86.ActiveCfg = Debug|x86
		{EDFCC8E0-01F5-4D58-BAEF-A95DA15E7B86}.Debug|x86.Build.0 = Debug|x86
		{EDFCC8E0-01F5-4D58-BAEF-A95DA15E7B86}.Release|Any CPU.ActiveCfg = Release|x86
		{EDFCC8E0-01F5-4D58-BAEF-A95DA15E7B86}.Release|Any CPU.Build.0 = Release|x86
		{EDFCC8E0-01F5-4D58-BAEF-A95DA15E7B86}.Release|x64.ActiveCfg = Release|x64
		{EDFCC8E0-01F5-4D58-BAEF-A95DA15E7B86}.Release|x64.Build.0 = Release|x64
		{EDFCC8E0-01F5-4D58-BAEF-A95DA15E7B86}.Release|x86.ActiveCfg = Release|x86
		{EDFCC8E0-01F5-4D58-BAEF-A95DA15E7B86}.Release|x86.Build.0 = Release|x86
		{BEB558CA-5BAE-4718-9C09-921683F78AA3}.Debug|Any CPU.ActiveCfg = Debug|x86
		{BEB558CA-5BAE-4718-9C09-921683F78AA3}.Debug|Any CPU.Build.0 = Debug|x86
		{BEB558CA-5BAE-4718-9C09-921683F78AA3}.Debug|x64.ActiveCfg = Debug|x64
		{BEB558CA-5BAE-4718-9C09-921683F78AA3}.Debug|x64.Build.0 = Debug|x64
		{BEB558CA-5BAE-4718-9C09-921683F78AA3}.Debug|x86.ActiveCfg = Debug|x86
		{BEB558CA-5BAE-4718-9C09-921683F78AA3}.Debug|x86.Build.0 = Debug|x86
		{BEB558CA-5BAE-4718-9C09-921683F78AA3}.Release|Any CPU.ActiveCfg = Release|x86
		{BEB558CA-5BAE-4718-9C09-921683F78AA3}.Release|Any CPU.Build.0 = Release|x86
		{BEB558CA-5BAE-4718-9C09-921683F78AA3}.Release|x64.ActiveCfg = Release|x64
		{BEB558CA-5BAE-4718-9C09-921683F78AA3}.Release|x64.Build.0 = Release|x64
		{BEB558CA-5BAE-4718-9C09-921683F78AA3}.Release|x86.ActiveCfg = Release|x86
		{BEB558CA-5BAE-4718-9C09-921683F78AA3}.Release|x86.Build.0 = Release|x86
		{5E52B58E-EF54-4DB6-8A4B-F7B5779AEA9F}.Debug|Any CPU.ActiveCfg = Debug|x86
		{5E52B58E-EF54-4DB6-8A4B-F7B5779AEA9F}.Debug|Any CPU.Build.0 = Debug|x86
		{5E52B58E-EF54-4DB6-8A4B-F7B5779AEA9F}.Debug|x64.ActiveCfg = Debug|x64
		{5E52B58E-EF54-4DB6-8A4B-F7B5779AEA9F}.Debug|x64.Build.0 = Debug|x64
		{5E52B58E-EF54-4DB6-8A4B-F7B5779AEA9F}.Debug|x86.ActiveCfg = Debug|x86
		{5E52B58E-EF54-4DB6-8A4B-F7B5779AEA9F}.Debug|x86.Build.0 = Debug|x86
		{5E52B58E-EF54-4DB6-8A4B-F7B5779AEA9F}.Release|Any CPU.ActiveCfg = Release|x86
		{5E52B58E-EF54-4DB6-8A4B-F7B5779AEA9F}.Release|Any CPU.Build.0 = Release|x86
		{5E52B58E-EF54-4DB6-8A4B-F7B5779AEA9F}.Release|x64.ActiveCfg = Release|x64
		{5E52B58E-EF54-4DB6-8A4B-F7B5779AEA9F}.Release|x64.Build.0 = Release|x64
		{5E52B58E-EF54-4DB6-8A4B-F7B5779AEA9F}.Release|x86.ActiveCfg = Release|x86
		{5E52B58E-EF54-4DB6-8A4B-F7B5779AEA9F}.Release|x86.Build.0 = Release|x86
		{9956D1AB-1EC1-47D3-86BA-8FB1FE19AF13}.Debug|Any CPU.ActiveCfg = Debug|x86
		{9956D1AB-1EC1-47D3-86BA-8FB1FE19AF13}.Debug|Any CPU.Build.0 = Debug|x86
		{9956D1AB-1EC1-47D3-86BA-8FB1FE19AF13}.Debug|x64.ActiveCfg = Debug|x64
		{9956D1AB-1EC1-47D3-86BA-8FB1FE19AF13}.Debug|x64.Build.0 = Debug|x64
		{9956D1AB-1EC1-47D3-86BA-8FB1FE19AF13}.Debug|x86.ActiveCfg = Debug|x86
		{9956D1AB-1EC1-47D3-86BA-8FB1FE19AF13}.Debug|x86.Build.0 = Debug|x86
		{9956D1AB-1EC1-47D3-86BA-8FB1FE19AF13}.Release|Any CPU.ActiveCfg = Release|x86
		{9956D1AB-1EC1-47D3-86BA-8FB1FE19AF13}.Release|Any CPU.Build.0 = Release|x86
		{9956D1AB-1EC1-47D3-86BA-8FB1FE19AF13}.Release|x64.ActiveCfg = Release|x64
		{9956D1AB-1EC1-47D3-86BA-8FB1FE19AF13}.Release|x64.Build.0 = Release|x64
		{9956D1AB-1EC1-47D3-86BA-8FB1FE19AF13}.Release|x86.ActiveCfg = Release|x86
		{9956D1AB-1EC1-47D3-86BA-8FB1FE19AF13}.Release|x86.Build.0 = Release|x86
	EndGlobalSection
	GlobalSection(SolutionProperties) = preSolution
		HideSolutionNode = FALSE
	EndGlobalSection
	GlobalSection(ExtensibilityGlobals) = postSolution
		SolutionGuid = {1539A034-3D7C-4905-A7B6-7549DC76F602}
	EndGlobalSection
EndGlobal
